
Microsoft Visual Studio Solution File, Format Version 12.00
Project("{FAE04EC0-301F-11D3-BF4B-00C04F79EFBC}") = "Ouroboros", "Ouroboros\Ouroboros.csproj", "{1A768D17-8734-4AC6-B19D-D80F245C0E5C}"
EndProject
Project("{2150E333-8FDC-42A3-9474-1A3956D46DE8}") = "Build", "Build", "{77FBA43E-3646-45ED-A762-52BC67463CB8}"
	ProjectSection(SolutionItems) = preProject
		Directory.Build.props = Directory.Build.props
		Directory.Packages.props = Directory.Packages.props
	EndProjectSection
EndProject
Project("{FAE04EC0-301F-11D3-BF4B-00C04F79EFBC}") = "Injector32", "Injector32\Injector32.csproj", "{767DDED5-3280-4D5B-8729-B00C29FAC418}"
EndProject
Global
	GlobalSection(SolutionConfigurationPlatforms) = preSolution
		Debug|Any CPU = Debug|Any CPU
		Release|Any CPU = Release|Any CPU
	EndGlobalSection
	GlobalSection(ProjectConfigurationPlatforms) = postSolution
		{1A768D17-8734-4AC6-B19D-D80F245C0E5C}.Debug|Any CPU.ActiveCfg = Debug|Any CPU
		{1A768D17-8734-4AC6-B19D-D80F245C0E5C}.Debug|Any CPU.Build.0 = Debug|Any CPU
		{1A768D17-8734-4AC6-B19D-D80F245C0E5C}.Release|Any CPU.ActiveCfg = Release|Any CPU
		{1A768D17-8734-4AC6-B19D-D80F245C0E5C}.Release|Any CPU.Build.0 = Release|Any CPU
		{767DDED5-3280-4D5B-8729-B00C29FAC418}.Debug|Any CPU.ActiveCfg = Debug|Any CPU
		{767DDED5-3280-4D5B-8729-B00C29FAC418}.Debug|Any CPU.Build.0 = Debug|Any CPU
		{767DDED5-3280-4D5B-8729-B00C29FAC418}.Release|Any CPU.ActiveCfg = Release|Any CPU
		{767DDED5-3280-4D5B-8729-B00C29FAC418}.Release|Any CPU.Build.0 = Release|Any CPU
	EndGlobalSection
EndGlobal
